Microsoft Visual Studio Solution File, Format Version 11.00
# Visual Studio 2008

Project("{8E1AA4F1-3D1A-5774-CB84-187D38F4C5ED}") = "KecakCheri", "Assembly-CSharp.csproj", "{5341D1AE-A4E9-6457-29CF-04EFF73873DE}"
EndProject
Global
	GlobalSection(SolutionConfigurationPlatforms) = preSolution
		Debug|Any CPU = Debug|Any CPU
		Release|Any CPU = Release|Any CPU
	EndGlobalSection
	GlobalSection(ProjectConfigurationPlatforms) = postSolution
		{5341D1AE-A4E9-6457-29CF-04EFF73873DE}.Debug|Any CPU.ActiveCfg = Debug|Any CPU
		{5341D1AE-A4E9-6457-29CF-04EFF73873DE}.Debug|Any CPU.Build.0 = Debug|Any CPU
		{5341D1AE-A4E9-6457-29CF-04EFF73873DE}.Release|Any CPU.ActiveCfg = Release|Any CPU
		{5341D1AE-A4E9-6457-29CF-04EFF73873DE}.Release|Any CPU.Build.0 = Release|Any CPU
	EndGlobalSection
	GlobalSection(SolutionProperties) = preSolution
		HideSolutionNode = FALSE
	EndGlobalSection
	GlobalSection(MonoDevelopProperties) = preSolution
		StartupItem = Assembly-CSharp.csproj
	EndGlobalSection
EndGlobal
